// !$*UTF8*$!
{
	archiveVersion = 1;
	classes = {
	};
	objectVersion = 51;
	objects = {

/* Begin PBXBuildFile section */
		12501A6324DFC92F000C9B97 /* AppDelegate.swift in Sources */ = {isa = PBXBuildFile; fileRef = 12501A6224DFC92F000C9B97 /* AppDelegate.swift */; };
		12501A6524DFC92F000C9B97 /* SceneDelegate.swift in Sources */ = {isa = PBXBuildFile; fileRef = 12501A6424DFC92F000C9B97 /* SceneDelegate.swift */; };
		12501A6824DFC92F000C9B97 /* Subscriptor.xcdatamodeld in Sources */ = {isa = PBXBuildFile; fileRef = 12501A6624DFC92F000C9B97 /* Subscriptor.xcdatamodeld */; };
		12501A6A24DFC92F000C9B97 /* ContentView.swift in Sources */ = {isa = PBXBuildFile; fileRef = 12501A6924DFC92F000C9B97 /* ContentView.swift */; };
		12501A6C24DFC930000C9B97 /* Assets.xcassets in Resources */ = {isa = PBXBuildFile; fileRef = 12501A6B24DFC930000C9B97 /* Assets.xcassets */; };
		12501A6F24DFC930000C9B97 /* Preview Assets.xcassets in Resources */ = {isa = PBXBuildFile; fileRef = 12501A6E24DFC930000C9B97 /* Preview Assets.xcassets */; };
		12501A7224DFC930000C9B97 /* LaunchScreen.storyboard in Resources */ = {isa = PBXBuildFile; fileRef = 12501A7024DFC930000C9B97 /* LaunchScreen.storyboard */; };
		1299BCFE24E004CD00B1759C /* Service+Extensions.swift in Sources */ = {isa = PBXBuildFile; fileRef = 1299BCFD24E004CD00B1759C /* Service+Extensions.swift */; };
		3F671982128E413A876BE764 /* Service+Schema.swift in Sources */ = {isa = PBXBuildFile; fileRef = B9C07CCFBE4D4681992A58B5 /* Service+Schema.swift */; };
		48C7F8AD16CA48F1B346A641 /* AmplifyModels.swift in Sources */ = {isa = PBXBuildFile; fileRef = DC2A3220F72B411B945FE572 /* AmplifyModels.swift */; };
		537DDFECFA2C45A2A01ACD2B /* awsconfiguration.json in Resources */ = {isa = PBXBuildFile; fileRef = EBBD1B33E7954441953C2F91 /* awsconfiguration.json */; };
		59FB0D2AB2B34E2A88197930 /* Service.swift in Sources */ = {isa = PBXBuildFile; fileRef = 397C3F237E534F06951B8645 /* Service.swift */; };
		C380D22CEE4F4F689025D073 /* amplifyconfiguration.json in Resources */ = {isa = PBXBuildFile; fileRef = 8780F3E945A44E07A32D1A61 /* amplifyconfiguration.json */; };
		F8A3D94894138E22538E4FFE /* Pods_Subscriptor.framework in Frameworks */ = {isa = PBXBuildFile; fileRef = 8D8643F936C45C379241D8C8 /* Pods_Subscriptor.framework */; };
/* End PBXBuildFile section */

/* Begin PBXFileReference section */
		12501A5F24DFC92F000C9B97 /* Subscriptor.app */ = {isa = PBXFileReference; explicitFileType = wrapper.application; includeInIndex = 0; path = Subscriptor.app; sourceTree = BUILT_PRODUCTS_DIR; };
		12501A6224DFC92F000C9B97 /* AppDelegate.swift */ = {isa = PBXFileReference; lastKnownFileType = sourcecode.swift; path = AppDelegate.swift; sourceTree = "<group>"; };
		12501A6424DFC92F000C9B97 /* SceneDelegate.swift */ = {isa = PBXFileReference; lastKnownFileType = sourcecode.swift; path = SceneDelegate.swift; sourceTree = "<group>"; };
		12501A6724DFC92F000C9B97 /* Subscriptor.xcdatamodel */ = {isa = PBXFileReference; lastKnownFileType = wrapper.xcdatamodel; path = Subscriptor.xcdatamodel; sourceTree = "<group>"; };
		12501A6924DFC92F000C9B97 /* ContentView.swift */ = {isa = PBXFileReference; lastKnownFileType = sourcecode.swift; path = ContentView.swift; sourceTree = "<group>"; };
		12501A6B24DFC930000C9B97 /* Assets.xcassets */ = {isa = PBXFileReference; lastKnownFileType = folder.assetcatalog; path = Assets.xcassets; sourceTree = "<group>"; };
		12501A6E24DFC930000C9B97 /* Preview Assets.xcassets */ = {isa = PBXFileReference; lastKnownFileType = folder.assetcatalog; path = "Preview Assets.xcassets"; sourceTree = "<group>"; };
		12501A7124DFC930000C9B97 /* Base */ = {isa = PBXFileReference; lastKnownFileType = file.storyboard; name = Base; path = Base.lproj/LaunchScreen.storyboard; sourceTree = "<group>"; };
		12501A7324DFC930000C9B97 /* Info.plist */ = {isa = PBXFileReference; lastKnownFileType = text.plist.xml; path = Info.plist; sourceTree = "<group>"; };
		1299BCFD24E004CD00B1759C /* Service+Extensions.swift */ = {isa = PBXFileReference; lastKnownFileType = sourcecode.swift; path = "Service+Extensions.swift"; sourceTree = "<group>"; };
		397C3F237E534F06951B8645 /* Service.swift */ = {isa = PBXFileReference; explicitFileType = undefined; fileEncoding = 4; includeInIndex = 0; lastKnownFileType = sourcecode.swift; name = Service.swift; path = amplify/generated/models/Service.swift; sourceTree = "<group>"; };
		3C5838F63A5A0342D118E2D4 /* Pods-Subscriptor.release.xcconfig */ = {isa = PBXFileReference; includeInIndex = 1; lastKnownFileType = text.xcconfig; name = "Pods-Subscriptor.release.xcconfig"; path = "Target Support Files/Pods-Subscriptor/Pods-Subscriptor.release.xcconfig"; sourceTree = "<group>"; };
		8780F3E945A44E07A32D1A61 /* amplifyconfiguration.json */ = {isa = PBXFileReference; explicitFileType = undefined; fileEncoding = 9; includeInIndex = 0; lastKnownFileType = unknown; path = amplifyconfiguration.json; sourceTree = "<group>"; };
		8D8643F936C45C379241D8C8 /* Pods_Subscriptor.framework */ = {isa = PBXFileReference; explicitFileType = wrapper.framework; includeInIndex = 0; path = Pods_Subscriptor.framework; sourceTree = BUILT_PRODUCTS_DIR; };
		95591CAD41D34CAD8B7E1DE5 /* amplifytools.xcconfig */ = {isa = PBXFileReference; explicitFileType = undefined; fileEncoding = 4; includeInIndex = 0; lastKnownFileType = text.xcconfig; path = amplifytools.xcconfig; sourceTree = "<group>"; };
		A1DE21B981274B17889C4662 /* schema.graphql */ = {isa = PBXFileReference; explicitFileType = undefined; fileEncoding = 4; includeInIndex = 0; lastKnownFileType = text; name = schema.graphql; path = amplify/backend/api/amplifyDatasource/schema.graphql; sourceTree = "<group>"; };
		B9C07CCFBE4D4681992A58B5 /* Service+Schema.swift */ = {isa = PBXFileReference; explicitFileType = undefined; fileEncoding = 4; includeInIndex = 0; lastKnownFileType = sourcecode.swift; name = "Service+Schema.swift"; path = "amplify/generated/models/Service+Schema.swift"; sourceTree = "<group>"; };
		D6CB5061EEA3E17E2DB4862B /* Pods-Subscriptor.debug.xcconfig */ = {isa = PBXFileReference; includeInIndex = 1; lastKnownFileType = text.xcconfig; name = "Pods-Subscriptor.debug.xcconfig"; path = "Target Support Files/Pods-Subscriptor/Pods-Subscriptor.debug.xcconfig"; sourceTree = "<group>"; };
		DC2A3220F72B411B945FE572 /* AmplifyModels.swift */ = {isa = PBXFileReference; explicitFileType = undefined; fileEncoding = 4; includeInIndex = 0; lastKnownFileType = sourcecode.swift; name = AmplifyModels.swift; path = amplify/generated/models/AmplifyModels.swift; sourceTree = "<group>"; };
		EBBD1B33E7954441953C2F91 /* awsconfiguration.json */ = {isa = PBXFileReference; explicitFileType = undefined; fileEncoding = 9; includeInIndex = 0; lastKnownFileType = unknown; path = awsconfiguration.json; sourceTree = "<group>"; };
/* End PBXFileReference section */

/* Begin PBXFrameworksBuildPhase section */
		12501A5C24DFC92F000C9B97 /* Frameworks */ = {
			isa = PBXFrameworksBuildPhase;
			buildActionMask = 2147483647;
			files = (
				F8A3D94894138E22538E4FFE /* Pods_Subscriptor.framework in Frameworks */,
			);
			runOnlyForDeploymentPostprocessing = 0;
		};
/* End PBXFrameworksBuildPhase section */

/* Begin PBXGroup section */
		12501A5624DFC92F000C9B97 = {
			isa = PBXGroup;
			children = (
				C82B67C4CFEF45419DB44FE1 /* AmplifyModels */,
				40B1BA141450419883897653 /* AmplifyConfig */,
				12501A6124DFC92F000C9B97 /* Subscriptor */,
				12501A6024DFC92F000C9B97 /* Products */,
				FC22849FE561EC65771069AB /* Pods */,
				C5FE20ED73F70DA25531311E /* Frameworks */,
			);
			sourceTree = "<group>";
		};
		12501A6024DFC92F000C9B97 /* Products */ = {
			isa = PBXGroup;
			children = (
				12501A5F24DFC92F000C9B97 /* Subscriptor.app */,
			);
			name = Products;
			sourceTree = "<group>";
		};
		12501A6124DFC92F000C9B97 /* Subscriptor */ = {
			isa = PBXGroup;
			children = (
				12501A6224DFC92F000C9B97 /* AppDelegate.swift */,
				12501A6424DFC92F000C9B97 /* SceneDelegate.swift */,
				12501A6924DFC92F000C9B97 /* ContentView.swift */,
				1299BCFD24E004CD00B1759C /* Service+Extensions.swift */,
				12501A6B24DFC930000C9B97 /* Assets.xcassets */,
				12501A7024DFC930000C9B97 /* LaunchScreen.storyboard */,
				12501A7324DFC930000C9B97 /* Info.plist */,
				12501A6624DFC92F000C9B97 /* Subscriptor.xcdatamodeld */,
				12501A6D24DFC930000C9B97 /* Preview Content */,
			);
			path = Subscriptor;
			sourceTree = "<group>";
		};
		12501A6D24DFC930000C9B97 /* Preview Content */ = {
			isa = PBXGroup;
			children = (
				12501A6E24DFC930000C9B97 /* Preview Assets.xcassets */,
			);
			path = "Preview Content";
			sourceTree = "<group>";
		};
		40B1BA141450419883897653 /* AmplifyConfig */ = {
			isa = PBXGroup;
			children = (
				95591CAD41D34CAD8B7E1DE5 /* amplifytools.xcconfig */,
				8780F3E945A44E07A32D1A61 /* amplifyconfiguration.json */,
				EBBD1B33E7954441953C2F91 /* awsconfiguration.json */,
				A1DE21B981274B17889C4662 /* schema.graphql */,
			);
			name = AmplifyConfig;
			path = .;
			sourceTree = "<group>";
		};
		C5FE20ED73F70DA25531311E /* Frameworks */ = {
			isa = PBXGroup;
			children = (
				8D8643F936C45C379241D8C8 /* Pods_Subscriptor.framework */,
			);
			name = Frameworks;
			sourceTree = "<group>";
		};
		C82B67C4CFEF45419DB44FE1 /* AmplifyModels */ = {
			isa = PBXGroup;
			children = (
				DC2A3220F72B411B945FE572 /* AmplifyModels.swift */,
				397C3F237E534F06951B8645 /* Service.swift */,
				B9C07CCFBE4D4681992A58B5 /* Service+Schema.swift */,
			);
			name = AmplifyModels;
			path = .;
			sourceTree = "<group>";
		};
		FC22849FE561EC65771069AB /* Pods */ = {
			isa = PBXGroup;
			children = (
				D6CB5061EEA3E17E2DB4862B /* Pods-Subscriptor.debug.xcconfig */,
				3C5838F63A5A0342D118E2D4 /* Pods-Subscriptor.release.xcconfig */,
			);
			path = Pods;
			sourceTree = "<group>";
		};
/* End PBXGroup section */

/* Begin PBXNativeTarget section */
		12501A5E24DFC92F000C9B97 /* Subscriptor */ = {
			isa = PBXNativeTarget;
			buildConfigurationList = 12501A7624DFC930000C9B97 /* Build configuration list for PBXNativeTarget "Subscriptor" */;
			buildPhases = (
				4B525E55CE71487D08B237C8 /* [CP] Check Pods Manifest.lock */,
				127BE8AE24DFDB5100E5E642 /* ShellScript */,
				12501A5B24DFC92F000C9B97 /* Sources */,
				12501A5C24DFC92F000C9B97 /* Frameworks */,
				12501A5D24DFC92F000C9B97 /* Resources */,
				29473D462FF6794B116F8E42 /* [CP] Embed Pods Frameworks */,
			);
			buildRules = (
			);
			dependencies = (
			);
			name = Subscriptor;
			productName = Subscriptor;
			productReference = 12501A5F24DFC92F000C9B97 /* Subscriptor.app */;
			productType = "com.apple.product-type.application";
		};
/* End PBXNativeTarget section */

/* Begin PBXProject section */
		12501A5724DFC92F000C9B97 /* Project object */ = {
			isa = PBXProject;
			attributes = {
				LastSwiftUpdateCheck = 1200;
				LastUpgradeCheck = 1200;
				TargetAttributes = {
					12501A5E24DFC92F000C9B97 = {
						CreatedOnToolsVersion = 12.0;
					};
				};
			};
			buildConfigurationList = 12501A5A24DFC92F000C9B97 /* Build configuration list for PBXProject "Subscriptor" */;
			compatibilityVersion = "Xcode 9.3";
			developmentRegion = en;
			hasScannedForEncodings = 0;
			knownRegions = (
				en,
				Base,
			);
			mainGroup = 12501A5624DFC92F000C9B97;
			productRefGroup = 12501A6024DFC92F000C9B97 /* Products */;
			projectDirPath = "";
			projectRoot = "";
			targets = (
				12501A5E24DFC92F000C9B97 /* Subscriptor */,
			);
		};
/* End PBXProject section */

/* Begin PBXResourcesBuildPhase section */
		12501A5D24DFC92F000C9B97 /* Resources */ = {
			isa = PBXResourcesBuildPhase;
			buildActionMask = 2147483647;
			files = (
				12501A7224DFC930000C9B97 /* LaunchScreen.storyboard in Resources */,
				12501A6F24DFC930000C9B97 /* Preview Assets.xcassets in Resources */,
				12501A6C24DFC930000C9B97 /* Assets.xcassets in Resources */,
				C380D22CEE4F4F689025D073 /* amplifyconfiguration.json in Resources */,
				537DDFECFA2C45A2A01ACD2B /* awsconfiguration.json in Resources */,
			);
			runOnlyForDeploymentPostprocessing = 0;
		};
/* End PBXResourcesBuildPhase section */

/* Begin PBXShellScriptBuildPhase section */
		127BE8AE24DFDB5100E5E642 /* ShellScript */ = {
			isa = PBXShellScriptBuildPhase;
			buildActionMask = 2147483647;
			files = (
			);
			inputFileListPaths = (
			);
			inputPaths = (
			);
			outputFileListPaths = (
			);
			outputPaths = (
			);
			runOnlyForDeploymentPostprocessing = 0;
			shellPath = /bin/sh;
			shellScript = "\"${PODS_ROOT}/AmplifyTools/amplify-tools.sh\"\n";
		};
		29473D462FF6794B116F8E42 /* [CP] Embed Pods Frameworks */ = {
			isa = PBXShellScriptBuildPhase;
			buildActionMask = 2147483647;
			files = (
			);
			inputFileListPaths = (
				"${PODS_ROOT}/Target Support Files/Pods-Subscriptor/Pods-Subscriptor-frameworks-${CONFIGURATION}-input-files.xcfilelist",
			);
			name = "[CP] Embed Pods Frameworks";
			outputFileListPaths = (
				"${PODS_ROOT}/Target Support Files/Pods-Subscriptor/Pods-Subscriptor-frameworks-${CONFIGURATION}-output-files.xcfilelist",
			);
			runOnlyForDeploymentPostprocessing = 0;
			shellPath = /bin/sh;
			shellScript = "\"${PODS_ROOT}/Target Support Files/Pods-Subscriptor/Pods-Subscriptor-frameworks.sh\"\n";
			showEnvVarsInLog = 0;
		};
		4B525E55CE71487D08B237C8 /* [CP] Check Pods Manifest.lock */ = {
			isa = PBXShellScriptBuildPhase;
			buildActionMask = 2147483647;
			files = (
			);
			inputFileListPaths = (
			);
			inputPaths = (
				"${PODS_PODFILE_DIR_PATH}/Podfile.lock",
				"${PODS_ROOT}/Manifest.lock",
			);
			name = "[CP] Check Pods Manifest.lock";
			outputFileListPaths = (
			);
			outputPaths = (
				"$(DERIVED_FILE_DIR)/Pods-Subscriptor-checkManifestLockResult.txt",
			);
			runOnlyForDeploymentPostprocessing = 0;
			shellPath = /bin/sh;
			shellScript = "diff \"${PODS_PODFILE_DIR_PATH}/Podfile.lock\" \"${PODS_ROOT}/Manifest.lock\" > /dev/null\nif [ $? != 0 ] ; then\n    # print error to STDERR\n    echo \"error: The sandbox is not in sync with the Podfile.lock. Run 'pod install' or update your CocoaPods installation.\" >&2\n    exit 1\nfi\n# This output is used by Xcode 'outputs' to avoid re-running this script phase.\necho \"SUCCESS\" > \"${SCRIPT_OUTPUT_FILE_0}\"\n";
			showEnvVarsInLog = 0;
		};
/* End PBXShellScriptBuildPhase section */

/* Begin PBXSourcesBuildPhase section */
		12501A5B24DFC92F000C9B97 /* Sources */ = {
			isa = PBXSourcesBuildPhase;
			buildActionMask = 2147483647;
			files = (
				12501A6324DFC92F000C9B97 /* AppDelegate.swift in Sources */,
				12501A6524DFC92F000C9B97 /* SceneDelegate.swift in Sources */,
				12501A6A24DFC92F000C9B97 /* ContentView.swift in Sources */,
				12501A6824DFC92F000C9B97 /* Subscriptor.xcdatamodeld in Sources */,
				48C7F8AD16CA48F1B346A641 /* AmplifyModels.swift in Sources */,
				59FB0D2AB2B34E2A88197930 /* Service.swift in Sources */,
				3F671982128E413A876BE764 /* Service+Schema.swift in Sources */,
				1299BCFE24E004CD00B1759C /* Service+Extensions.swift in Sources */,
			);
			runOnlyForDeploymentPostprocessing = 0;
		};
/* End PBXSourcesBuildPhase section */

/* Begin PBXVariantGroup section */
		12501A7024DFC930000C9B97 /* LaunchScreen.storyboard */ = {
			isa = PBXVariantGroup;
			children = (
				12501A7124DFC930000C9B97 /* Base */,
			);
			name = LaunchScreen.storyboard;
			sourceTree = "<group>";
		};
/* End PBXVariantGroup section */

/* Begin XCBuildConfiguration section */
		12501A7424DFC930000C9B97 /* Debug */ = {
			isa = XCBuildConfiguration;
			buildSettings = {
				ALWAYS_SEARCH_USER_PATHS = NO;
				CLANG_ANALYZER_NONNULL = YES;
				CLANG_ANALYZER_NUMBER_OBJECT_CONVERSION = YES_AGGRESSIVE;
				CLANG_CXX_LANGUAGE_STANDARD = "gnu++14";
				CLANG_CXX_LIBRARY = "libc++";
				CLANG_ENABLE_MODULES = YES;
				CLANG_ENABLE_OBJC_ARC = YES;
				CLANG_ENABLE_OBJC_WEAK = YES;
				CLANG_WARN_BLOCK_CAPTURE_AUTORELEASING = YES;
				CLANG_WARN_BOOL_CONVERSION = YES;
				CLANG_WARN_COMMA = YES;
				CLANG_WARN_CONSTANT_CONVERSION = YES;
				CLANG_WARN_DEPRECATED_OBJC_IMPLEMENTATIONS = YES;
				CLANG_WARN_DIRECT_OBJC_ISA_USAGE = YES_ERROR;
				CLANG_WARN_DOCUMENTATION_COMMENTS = YES;
				CLANG_WARN_EMPTY_BODY = YES;
				CLANG_WARN_ENUM_CONVERSION = YES;
				CLANG_WARN_INFINITE_RECURSION = YES;
				CLANG_WARN_INT_CONVERSION = YES;
				CLANG_WARN_NON_LITERAL_NULL_CONVERSION = YES;
				CLANG_WARN_OBJC_IMPLICIT_RETAIN_SELF = YES;
				CLANG_WARN_OBJC_LITERAL_CONVERSION = YES;
				CLANG_WARN_OBJC_ROOT_CLASS = YES_ERROR;
				CLANG_WARN_QUOTED_INCLUDE_IN_FRAMEWORK_HEADER = YES;
				CLANG_WARN_RANGE_LOOP_ANALYSIS = YES;
				CLANG_WARN_STRICT_PROTOTYPES = YES;
				CLANG_WARN_SUSPICIOUS_MOVE = YES;
				CLANG_WARN_UNGUARDED_AVAILABILITY = YES_AGGRESSIVE;
				CLANG_WARN_UNREACHABLE_CODE = YES;
				CLANG_WARN__DUPLICATE_METHOD_MATCH = YES;
				COPY_PHASE_STRIP = NO;
				DEBUG_INFORMATION_FORMAT = dwarf;
				ENABLE_STRICT_OBJC_MSGSEND = YES;
				ENABLE_TESTABILITY = YES;
				GCC_C_LANGUAGE_STANDARD = gnu11;
				GCC_DYNAMIC_NO_PIC = NO;
				GCC_NO_COMMON_BLOCKS = YES;
				GCC_OPTIMIZATION_LEVEL = 0;
				GCC_PREPROCESSOR_DEFINITIONS = (
					"DEBUG=1",
					"$(inherited)",
				);
				GCC_WARN_64_TO_32_BIT_CONVERSION = YES;
				GCC_WARN_ABOUT_RETURN_TYPE = YES_ERROR;
				GCC_WARN_UNDECLARED_SELECTOR = YES;
				GCC_WARN_UNINITIALIZED_AUTOS = YES_AGGRESSIVE;
				GCC_WARN_UNUSED_FUNCTION = YES;
				GCC_WARN_UNUSED_VARIABLE = YES;
				IPHONEOS_DEPLOYMENT_TARGET = 14.0;
				MTL_ENABLE_DEBUG_INFO = INCLUDE_SOURCE;
				MTL_FAST_MATH = YES;
				ONLY_ACTIVE_ARCH = YES;
				SDKROOT = iphoneos;
				SWIFT_ACTIVE_COMPILATION_CONDITIONS = DEBUG;
				SWIFT_OPTIMIZATION_LEVEL = "-Onone";
			};
			name = Debug;
		};
		12501A7524DFC930000C9B97 /* Release */ = {
			isa = XCBuildConfiguration;
			buildSettings = {
				ALWAYS_SEARCH_USER_PATHS = NO;
				CLANG_ANALYZER_NONNULL = YES;
				CLANG_ANALYZER_NUMBER_OBJECT_CONVERSION = YES_AGGRESSIVE;
				CLANG_CXX_LANGUAGE_STANDARD = "gnu++14";
				CLANG_CXX_LIBRARY = "libc++";
				CLANG_ENABLE_MODULES = YES;
				CLANG_ENABLE_OBJC_ARC = YES;
				CLANG_ENABLE_OBJC_WEAK = YES;
				CLANG_WARN_BLOCK_CAPTURE_AUTORELEASING = YES;
				CLANG_WARN_BOOL_CONVERSION = YES;
				CLANG_WARN_COMMA = YES;
				CLANG_WARN_CONSTANT_CONVERSION = YES;
				CLANG_WARN_DEPRECATED_OBJC_IMPLEMENTATIONS = YES;
				CLANG_WARN_DIRECT_OBJC_ISA_USAGE = YES_ERROR;
				CLANG_WARN_DOCUMENTATION_COMMENTS = YES;
				CLANG_WARN_EMPTY_BODY = YES;
				CLANG_WARN_ENUM_CONVERSION = YES;
				CLANG_WARN_INFINITE_RECURSION = YES;
				CLANG_WARN_INT_CONVERSION = YES;
				CLANG_WARN_NON_LITERAL_NULL_CONVERSION = YES;
				CLANG_WARN_OBJC_IMPLICIT_RETAIN_SELF = YES;
				CLANG_WARN_OBJC_LITERAL_CONVERSION = YES;
				CLANG_WARN_OBJC_ROOT_CLASS = YES_ERROR;
				CLANG_WARN_QUOTED_INCLUDE_IN_FRAMEWORK_HEADER = YES;
				CLANG_WARN_RANGE_LOOP_ANALYSIS = YES;
				CLANG_WARN_STRICT_PROTOTYPES = YES;
				CLANG_WARN_SUSPICIOUS_MOVE = YES;
				CLANG_WARN_UNGUARDED_AVAILABILITY = YES_AGGRESSIVE;
				CLANG_WARN_UNREACHABLE_CODE = YES;
				CLANG_WARN__DUPLICATE_METHOD_MATCH = YES;
				COPY_PHASE_STRIP = NO;
				DEBUG_INFORMATION_FORMAT = "dwarf-with-dsym";
				ENABLE_NS_ASSERTIONS = NO;
				ENABLE_STRICT_OBJC_MSGSEND = YES;
				GCC_C_LANGUAGE_STANDARD = gnu11;
				GCC_NO_COMMON_BLOCKS = YES;
				GCC_WARN_64_TO_32_BIT_CONVERSION = YES;
				GCC_WARN_ABOUT_RETURN_TYPE = YES_ERROR;
				GCC_WARN_UNDECLARED_SELECTOR = YES;
				GCC_WARN_UNINITIALIZED_AUTOS = YES_AGGRESSIVE;
				GCC_WARN_UNUSED_FUNCTION = YES;
				GCC_WARN_UNUSED_VARIABLE = YES;
				IPHONEOS_DEPLOYMENT_TARGET = 14.0;
				MTL_ENABLE_DEBUG_INFO = NO;
				MTL_FAST_MATH = YES;
				SDKROOT = iphoneos;
				SWIFT_COMPILATION_MODE = wholemodule;
				SWIFT_OPTIMIZATION_LEVEL = "-O";
				VALIDATE_PRODUCT = YES;
			};
			name = Release;
		};
		12501A7724DFC930000C9B97 /* Debug */ = {
			isa = XCBuildConfiguration;
			baseConfigurationReference = D6CB5061EEA3E17E2DB4862B /* Pods-Subscriptor.debug.xcconfig */;
			buildSettings = {
				ASSETCATALOG_COMPILER_APPICON_NAME = AppIcon;
				ASSETCATALOG_COMPILER_GLOBAL_ACCENT_COLOR_NAME = AccentColor;
				CODE_SIGN_STYLE = Automatic;
				DEVELOPMENT_ASSET_PATHS = "\"Subscriptor/Preview Content\"";
				DEVELOPMENT_TEAM = D4556M57PM;
				ENABLE_PREVIEWS = YES;
				INFOPLIST_FILE = Subscriptor/Info.plist;
				LD_RUNPATH_SEARCH_PATHS = (
					"$(inherited)",
					"@executable_path/Frameworks",
				);
				PRODUCT_BUNDLE_IDENTIFIER = au.com.Subscriptor;
				PRODUCT_NAME = "$(TARGET_NAME)";
				SWIFT_VERSION = 5.0;
				TARGETED_DEVICE_FAMILY = "1,2";
			};
			name = Debug;
		};
		12501A7824DFC930000C9B97 /* Release */ = {
			isa = XCBuildConfiguration;
			baseConfigurationReference = 3C5838F63A5A0342D118E2D4 /* Pods-Subscriptor.release.xcconfig */;
			buildSettings = {
				ASSETCATALOG_COMPILER_APPICON_NAME = AppIcon;
				ASSETCATALOG_COMPILER_GLOBAL_ACCENT_COLOR_NAME = AccentColor;
				CODE_SIGN_STYLE = Automatic;
				DEVELOPMENT_ASSET_PATHS = "\"Subscriptor/Preview Content\"";
				DEVELOPMENT_TEAM = D4556M57PM;
				ENABLE_PREVIEWS = YES;
				INFOPLIST_FILE = Subscriptor/Info.plist;
				LD_RUNPATH_SEARCH_PATHS = (
					"$(inherited)",
					"@executable_path/Frameworks",
				);
				PRODUCT_BUNDLE_IDENTIFIER = au.com.Subscriptor;
				PRODUCT_NAME = "$(TARGET_NAME)";
				SWIFT_VERSION = 5.0;
				TARGETED_DEVICE_FAMILY = "1,2";
			};
			name = Release;
		};
/* End XCBuildConfiguration section */

/* Begin XCConfigurationList section */
		12501A5A24DFC92F000C9B97 /* Build configuration list for PBXProject "Subscriptor" */ = {
			isa = XCConfigurationList;
			buildConfigurations = (
				12501A7424DFC930000C9B97 /* Debug */,
				12501A7524DFC930000C9B97 /* Release */,
			);
			defaultConfigurationIsVisible = 0;
			defaultConfigurationName = Release;
		};
		12501A7624DFC930000C9B97 /* Build configuration list for PBXNativeTarget "Subscriptor" */ = {
			isa = XCConfigurationList;
			buildConfigurations = (
				12501A7724DFC930000C9B97 /* Debug */,
				12501A7824DFC930000C9B97 /* Release */,
			);
			defaultConfigurationIsVisible = 0;
			defaultConfigurationName = Release;
		};
/* End XCConfigurationList section */

/* Begin XCVersionGroup section */
		12501A6624DFC92F000C9B97 /* Subscriptor.xcdatamodeld */ = {
			isa = XCVersionGroup;
			children = (
				12501A6724DFC92F000C9B97 /* Subscriptor.xcdatamodel */,
			);
			currentVersion = 12501A6724DFC92F000C9B97 /* Subscriptor.xcdatamodel */;
			path = Subscriptor.xcdatamodeld;
			sourceTree = "<group>";
			versionGroupType = wrapper.xcdatamodel;
		};
/* End XCVersionGroup section */
	};
	rootObject = 12501A5724DFC92F000C9B97 /* Project object */;
}
